// !$*UTF8*$!
{
	archiveVersion = 1;
	classes = {
	};
	objectVersion = 56;
	objects = {

/* Begin PBXBuildFile section */
		2C98869229A371F100185E23 /* cloud.mp4 in Resources */ = {isa = PBXBuildFile; fileRef = 2C98869129A371B600185E23 /* cloud.mp4 */; };
		2CA0DA9829A20A3500477868 /* WeatherARModelManager.swift in Sources */ = {isa = PBXBuildFile; fileRef = 2CA0DA9729A20A3500477868 /* WeatherARModelManager.swift */; };
		FA334A65299C2D2E00979B73 /* ARWeatherAppApp.swift in Sources */ = {isa = PBXBuildFile; fileRef = FA334A64299C2D2E00979B73 /* ARWeatherAppApp.swift */; };
		FA334A67299C2D2E00979B73 /* ContentView.swift in Sources */ = {isa = PBXBuildFile; fileRef = FA334A66299C2D2E00979B73 /* ContentView.swift */; };
		FA334A69299C2D2F00979B73 /* Assets.xcassets in Resources */ = {isa = PBXBuildFile; fileRef = FA334A68299C2D2F00979B73 /* Assets.xcassets */; };
		FA334A6C299C2D2F00979B73 /* Preview Assets.xcassets in Resources */ = {isa = PBXBuildFile; fileRef = FA334A6B299C2D2F00979B73 /* Preview Assets.xcassets */; };
		FA334A74299CBD1600979B73 /* WeatherNetworkManager.swift in Sources */ = {isa = PBXBuildFile; fileRef = FA334A73299CBD1600979B73 /* WeatherNetworkManager.swift */; };
		FA334A76299CC17700979B73 /* WeatherData.swift in Sources */ = {isa = PBXBuildFile; fileRef = FA334A75299CC17700979B73 /* WeatherData.swift */; };
		FA334A78299CC6AF00979B73 /* Weathermodel.swift in Sources */ = {isa = PBXBuildFile; fileRef = FA334A77299CC6AF00979B73 /* Weathermodel.swift */; };
		FA334A7A299D565300979B73 /* ARViewController.swift in Sources */ = {isa = PBXBuildFile; fileRef = FA334A79299D565300979B73 /* ARViewController.swift */; };
/* End PBXBuildFile section */

/* Begin PBXFileReference section */
		2C98869129A371B600185E23 /* cloud.mp4 */ = {isa = PBXFileReference; lastKnownFileType = file; path = cloud.mp4; sourceTree = "<group>"; };
		2CA0DA9729A20A3500477868 /* WeatherARModelManager.swift */ = {isa = PBXFileReference; lastKnownFileType = sourcecode.swift; path = WeatherARModelManager.swift; sourceTree = "<group>"; };
		FA334A61299C2D2E00979B73 /* ARWeatherApp.app */ = {isa = PBXFileReference; explicitFileType = wrapper.application; includeInIndex = 0; path = ARWeatherApp.app; sourceTree = BUILT_PRODUCTS_DIR; };
		FA334A64299C2D2E00979B73 /* ARWeatherAppApp.swift */ = {isa = PBXFileReference; lastKnownFileType = sourcecode.swift; path = ARWeatherAppApp.swift; sourceTree = "<group>"; };
		FA334A66299C2D2E00979B73 /* ContentView.swift */ = {isa = PBXFileReference; lastKnownFileType = sourcecode.swift; path = ContentView.swift; sourceTree = "<group>"; };
		FA334A68299C2D2F00979B73 /* Assets.xcassets */ = {isa = PBXFileReference; lastKnownFileType = folder.assetcatalog; path = Assets.xcassets; sourceTree = "<group>"; };
		FA334A6B299C2D2F00979B73 /* Preview Assets.xcassets */ = {isa = PBXFileReference; lastKnownFileType = folder.assetcatalog; path = "Preview Assets.xcassets"; sourceTree = "<group>"; };
		FA334A73299CBD1600979B73 /* WeatherNetworkManager.swift */ = {isa = PBXFileReference; lastKnownFileType = sourcecode.swift; path = WeatherNetworkManager.swift; sourceTree = "<group>"; };
		FA334A75299CC17700979B73 /* WeatherData.swift */ = {isa = PBXFileReference; lastKnownFileType = sourcecode.swift; path = WeatherData.swift; sourceTree = "<group>"; };
		FA334A77299CC6AF00979B73 /* Weathermodel.swift */ = {isa = PBXFileReference; lastKnownFileType = sourcecode.swift; path = Weathermodel.swift; sourceTree = "<group>"; };
		FA334A79299D565300979B73 /* ARViewController.swift */ = {isa = PBXFileReference; lastKnownFileType = sourcecode.swift; path = ARViewController.swift; sourceTree = "<group>"; };
		FA334A7B29A00CEA00979B73 /* Info.plist */ = {isa = PBXFileReference; lastKnownFileType = text.plist; path = Info.plist; sourceTree = "<group>"; };
/* End PBXFileReference section */

/* Begin PBXFrameworksBuildPhase section */
		FA334A5E299C2D2E00979B73 /* Frameworks */ = {
			isa = PBXFrameworksBuildPhase;
			buildActionMask = 2147483647;
			files = (
			);
			runOnlyForDeploymentPostprocessing = 0;
		};
/* End PBXFrameworksBuildPhase section */

/* Begin PBXGroup section */
		2CA0DA9229A2060200477868 /* Models */ = {
			isa = PBXGroup;
			children = (
				2CA0DA9429A206EC00477868 /* ARModel */,
				FA334A72299CBCF100979B73 /* Weathermodel */,
			);
			name = Models;
			sourceTree = "<group>";
		};
		2CA0DA9429A206EC00477868 /* ARModel */ = {
			isa = PBXGroup;
			children = (
				FA334A79299D565300979B73 /* ARViewController.swift */,
				2CA0DA9729A20A3500477868 /* WeatherARModelManager.swift */,
			);
			path = ARModel;
			sourceTree = "<group>";
		};
		2CA0DA9929A2127A00477868 /* Videos */ = {
			isa = PBXGroup;
			children = (
			);
			path = Videos;
			sourceTree = "<group>";
		};
		FA334A58299C2D2E00979B73 = {
			isa = PBXGroup;
			children = (
				FA334A63299C2D2E00979B73 /* ARWeatherApp */,
				FA334A62299C2D2E00979B73 /* Products */,
			);
			sourceTree = "<group>";
		};
		FA334A62299C2D2E00979B73 /* Products */ = {
			isa = PBXGroup;
			children = (
				FA334A61299C2D2E00979B73 /* ARWeatherApp.app */,
			);
			name = Products;
			sourceTree = "<group>";
		};
		FA334A63299C2D2E00979B73 /* ARWeatherApp */ = {
			isa = PBXGroup;
			children = (
				2C98869129A371B600185E23 /* cloud.mp4 */,
				2CA0DA9929A2127A00477868 /* Videos */,
				2CA0DA9229A2060200477868 /* Models */,
				FA334A64299C2D2E00979B73 /* ARWeatherAppApp.swift */,
				FA334A66299C2D2E00979B73 /* ContentView.swift */,
				FA334A68299C2D2F00979B73 /* Assets.xcassets */,
				FA334A7B29A00CEA00979B73 /* Info.plist */,
				FA334A6A299C2D2F00979B73 /* Preview Content */,
			);
			path = ARWeatherApp;
			sourceTree = "<group>";
		};
		FA334A6A299C2D2F00979B73 /* Preview Content */ = {
			isa = PBXGroup;
			children = (
				FA334A6B299C2D2F00979B73 /* Preview Assets.xcassets */,
			);
			path = "Preview Content";
			sourceTree = "<group>";
		};
		FA334A72299CBCF100979B73 /* Weathermodel */ = {
			isa = PBXGroup;
			children = (
				FA334A73299CBD1600979B73 /* WeatherNetworkManager.swift */,
				FA334A75299CC17700979B73 /* WeatherData.swift */,
				FA334A77299CC6AF00979B73 /* Weathermodel.swift */,
			);
			path = Weathermodel;
			sourceTree = "<group>";
		};
/* End PBXGroup section */

/* Begin PBXNativeTarget section */
		FA334A60299C2D2E00979B73 /* ARWeatherApp */ = {
			isa = PBXNativeTarget;
			buildConfigurationList = FA334A6F299C2D2F00979B73 /* Build configuration list for PBXNativeTarget "ARWeatherApp" */;
			buildPhases = (
				FA334A5D299C2D2E00979B73 /* Sources */,
				FA334A5E299C2D2E00979B73 /* Frameworks */,
				FA334A5F299C2D2E00979B73 /* Resources */,
			);
			buildRules = (
			);
			dependencies = (
			);
			name = ARWeatherApp;
			productName = ARWeatherApp;
			productReference = FA334A61299C2D2E00979B73 /* ARWeatherApp.app */;
			productType = "com.apple.product-type.application";
		};
/* End PBXNativeTarget section */

/* Begin PBXProject section */
		FA334A59299C2D2E00979B73 /* Project object */ = {
			isa = PBXProject;
			attributes = {
				BuildIndependentTargetsInParallel = 1;
				LastSwiftUpdateCheck = 1420;
				LastUpgradeCheck = 1420;
				TargetAttributes = {
					FA334A60299C2D2E00979B73 = {
						CreatedOnToolsVersion = 14.2;
					};
				};
			};
			buildConfigurationList = FA334A5C299C2D2E00979B73 /* Build configuration list for PBXProject "ARWeatherApp" */;
			compatibilityVersion = "Xcode 14.0";
			developmentRegion = en;
			hasScannedForEncodings = 0;
			knownRegions = (
				en,
				Base,
			);
			mainGroup = FA334A58299C2D2E00979B73;
			productRefGroup = FA334A62299C2D2E00979B73 /* Products */;
			projectDirPath = "";
			projectRoot = "";
			targets = (
				FA334A60299C2D2E00979B73 /* ARWeatherApp */,
			);
		};
/* End PBXProject section */

/* Begin PBXResourcesBuildPhase section */
		FA334A5F299C2D2E00979B73 /* Resources */ = {
			isa = PBXResourcesBuildPhase;
			buildActionMask = 2147483647;
			files = (
				2C98869229A371F100185E23 /* cloud.mp4 in Resources */,
				FA334A6C299C2D2F00979B73 /* Preview Assets.xcassets in Resources */,
				FA334A69299C2D2F00979B73 /* Assets.xcassets in Resources */,
			);
			runOnlyForDeploymentPostprocessing = 0;
		};
/* End PBXResourcesBuildPhase section */

/* Begin PBXSourcesBuildPhase section */
		FA334A5D299C2D2E00979B73 /* Sources */ = {
			isa = PBXSourcesBuildPhase;
			buildActionMask = 2147483647;
			files = (
				FA334A74299CBD1600979B73 /* WeatherNetworkManager.swift in Sources */,
				FA334A67299C2D2E00979B73 /* ContentView.swift in Sources */,
				FA334A76299CC17700979B73 /* WeatherData.swift in Sources */,
				FA334A7A299D565300979B73 /* ARViewController.swift in Sources */,
				FA334A65299C2D2E00979B73 /* ARWeatherAppApp.swift in Sources */,
				FA334A78299CC6AF00979B73 /* Weathermodel.swift in Sources */,
				2CA0DA9829A20A3500477868 /* WeatherARModelManager.swift in Sources */,
			);
			runOnlyForDeploymentPostprocessing = 0;
		};
/* End PBXSourcesBuildPhase section */

/* Begin XCBuildConfiguration section */
		FA334A6D299C2D2F00979B73 /* Debug */ = {
			isa = XCBuildConfiguration;
			buildSettings = {
				ALWAYS_SEARCH_USER_PATHS = NO;
				CLANG_ANALYZER_NONNULL = YES;
				CLANG_ANALYZER_NUMBER_OBJECT_CONVERSION = YES_AGGRESSIVE;
				CLANG_CXX_LANGUAGE_STANDARD = "gnu++20";
				CLANG_ENABLE_MODULES = YES;
				CLANG_ENABLE_OBJC_ARC = YES;
				CLANG_ENABLE_OBJC_WEAK = YES;
				CLANG_WARN_BLOCK_CAPTURE_AUTORELEASING = YES;
				CLANG_WARN_BOOL_CONVERSION = YES;
				CLANG_WARN_COMMA = YES;
				CLANG_WARN_CONSTANT_CONVERSION = YES;
				CLANG_WARN_DEPRECATED_OBJC_IMPLEMENTATIONS = YES;
				CLANG_WARN_DIRECT_OBJC_ISA_USAGE = YES_ERROR;
				CLANG_WARN_DOCUMENTATION_COMMENTS = YES;
				CLANG_WARN_EMPTY_BODY = YES;
				CLANG_WARN_ENUM_CONVERSION = YES;
				CLANG_WARN_INFINITE_RECURSION = YES;
				CLANG_WARN_INT_CONVERSION = YES;
				CLANG_WARN_NON_LITERAL_NULL_CONVERSION = YES;
				CLANG_WARN_OBJC_IMPLICIT_RETAIN_SELF = YES;
				CLANG_WARN_OBJC_LITERAL_CONVERSION = YES;
				CLANG_WARN_OBJC_ROOT_CLASS = YES_ERROR;
				CLANG_WARN_QUOTED_INCLUDE_IN_FRAMEWORK_HEADER = YES;
				CLANG_WARN_RANGE_LOOP_ANALYSIS = YES;
				CLANG_WARN_STRICT_PROTOTYPES = YES;
				CLANG_WARN_SUSPICIOUS_MOVE = YES;
				CLANG_WARN_UNGUARDED_AVAILABILITY = YES_AGGRESSIVE;
				CLANG_WARN_UNREACHABLE_CODE = YES;
				CLANG_WARN__DUPLICATE_METHOD_MATCH = YES;
				COPY_PHASE_STRIP = NO;
				DEBUG_INFORMATION_FORMAT = dwarf;
				ENABLE_STRICT_OBJC_MSGSEND = YES;
				ENABLE_TESTABILITY = YES;
				GCC_C_LANGUAGE_STANDARD = gnu11;
				GCC_DYNAMIC_NO_PIC = NO;
				GCC_NO_COMMON_BLOCKS = YES;
				GCC_OPTIMIZATION_LEVEL = 0;
				GCC_PREPROCESSOR_DEFINITIONS = (
					"DEBUG=1",
					"$(inherited)",
				);
				GCC_WARN_64_TO_32_BIT_CONVERSION = YES;
				GCC_WARN_ABOUT_RETURN_TYPE = YES_ERROR;
				GCC_WARN_UNDECLARED_SELECTOR = YES;
				GCC_WARN_UNINITIALIZED_AUTOS = YES_AGGRESSIVE;
				GCC_WARN_UNUSED_FUNCTION = YES;
				GCC_WARN_UNUSED_VARIABLE = YES;
				IPHONEOS_DEPLOYMENT_TARGET = 16.2;
				MTL_ENABLE_DEBUG_INFO = INCLUDE_SOURCE;
				MTL_FAST_MATH = YES;
				ONLY_ACTIVE_ARCH = YES;
				SDKROOT = iphoneos;
				SWIFT_ACTIVE_COMPILATION_CONDITIONS = DEBUG;
				SWIFT_OPTIMIZATION_LEVEL = "-Onone";
			};
			name = Debug;
		};
		FA334A6E299C2D2F00979B73 /* Release */ = {
			isa = XCBuildConfiguration;
			buildSettings = {
				ALWAYS_SEARCH_USER_PATHS = NO;
				CLANG_ANALYZER_NONNULL = YES;
				CLANG_ANALYZER_NUMBER_OBJECT_CONVERSION = YES_AGGRESSIVE;
				CLANG_CXX_LANGUAGE_STANDARD = "gnu++20";
				CLANG_ENABLE_MODULES = YES;
				CLANG_ENABLE_OBJC_ARC = YES;
				CLANG_ENABLE_OBJC_WEAK = YES;
				CLANG_WARN_BLOCK_CAPTURE_AUTORELEASING = YES;
				CLANG_WARN_BOOL_CONVERSION = YES;
				CLANG_WARN_COMMA = YES;
				CLANG_WARN_CONSTANT_CONVERSION = YES;
				CLANG_WARN_DEPRECATED_OBJC_IMPLEMENTATIONS = YES;
				CLANG_WARN_DIRECT_OBJC_ISA_USAGE = YES_ERROR;
				CLANG_WARN_DOCUMENTATION_COMMENTS = YES;
				CLANG_WARN_EMPTY_BODY = YES;
				CLANG_WARN_ENUM_CONVERSION = YES;
				CLANG_WARN_INFINITE_RECURSION = YES;
				CLANG_WARN_INT_CONVERSION = YES;
				CLANG_WARN_NON_LITERAL_NULL_CONVERSION = YES;
				CLANG_WARN_OBJC_IMPLICIT_RETAIN_SELF = YES;
				CLANG_WARN_OBJC_LITERAL_CONVERSION = YES;
				CLANG_WARN_OBJC_ROOT_CLASS = YES_ERROR;
				CLANG_WARN_QUOTED_INCLUDE_IN_FRAMEWORK_HEADER = YES;
				CLANG_WARN_RANGE_LOOP_ANALYSIS = YES;
				CLANG_WARN_STRICT_PROTOTYPES = YES;
				CLANG_WARN_SUSPICIOUS_MOVE = YES;
				CLANG_WARN_UNGUARDED_AVAILABILITY = YES_AGGRESSIVE;
				CLANG_WARN_UNREACHABLE_CODE = YES;
				CLANG_WARN__DUPLICATE_METHOD_MATCH = YES;
				COPY_PHASE_STRIP = NO;
				DEBUG_INFORMATION_FORMAT = "dwarf-with-dsym";
				ENABLE_NS_ASSERTIONS = NO;
				ENABLE_STRICT_OBJC_MSGSEND = YES;
				GCC_C_LANGUAGE_STANDARD = gnu11;
				GCC_NO_COMMON_BLOCKS = YES;
				GCC_WARN_64_TO_32_BIT_CONVERSION = YES;
				GCC_WARN_ABOUT_RETURN_TYPE = YES_ERROR;
				GCC_WARN_UNDECLARED_SELECTOR = YES;
				GCC_WARN_UNINITIALIZED_AUTOS = YES_AGGRESSIVE;
				GCC_WARN_UNUSED_FUNCTION = YES;
				GCC_WARN_UNUSED_VARIABLE = YES;
				IPHONEOS_DEPLOYMENT_TARGET = 16.2;
				MTL_ENABLE_DEBUG_INFO = NO;
				MTL_FAST_MATH = YES;
				SDKROOT = iphoneos;
				SWIFT_COMPILATION_MODE = wholemodule;
				SWIFT_OPTIMIZATION_LEVEL = "-O";
				VALIDATE_PRODUCT = YES;
			};
			name = Release;
		};
		FA334A70299C2D2F00979B73 /* Debug */ = {
			isa = XCBuildConfiguration;
			buildSettings = {
				ASSETCATALOG_COMPILER_APPICON_NAME = AppIcon;
				ASSETCATALOG_COMPILER_GLOBAL_ACCENT_COLOR_NAME = AccentColor;
				CODE_SIGN_STYLE = Automatic;
				CURRENT_PROJECT_VERSION = 1;
				DEVELOPMENT_ASSET_PATHS = "\"ARWeatherApp/Preview Content\"";
				DEVELOPMENT_TEAM = RU23V6FJ49;
				ENABLE_PREVIEWS = YES;
				GENERATE_INFOPLIST_FILE = YES;
				INFOPLIST_FILE = ARWeatherApp/Info.plist;
				INFOPLIST_KEY_NSCameraUsageDescription = "";
				INFOPLIST_KEY_UIApplicationSupportsIndirectInputEvents = YES;
				INFOPLIST_KEY_UILaunchScreen_Generation = YES;
				INFOPLIST_KEY_UISupportedInterfaceOrientations = UIInterfaceOrientationPortrait;
				INFOPLIST_KEY_UISupportedInterfaceOrientations_iPad = "UIInterfaceOrientationPortrait UIInterfaceOrientationPortraitUpsideDown UIInterfaceOrientationLandscapeLeft UIInterfaceOrientationLandscapeRight";
				INFOPLIST_KEY_UISupportedInterfaceOrientations_iPhone = "UIInterfaceOrientationPortrait UIInterfaceOrientationLandscapeLeft UIInterfaceOrientationLandscapeRight";
				LD_RUNPATH_SEARCH_PATHS = (
					"$(inherited)",
					"@executable_path/Frameworks",
				);
				MARKETING_VERSION = 1.0;
				PRODUCT_BUNDLE_IDENTIFIER = test.com.ARWeatherApp;
				PRODUCT_NAME = "$(TARGET_NAME)";
				SWIFT_EMIT_LOC_STRINGS = YES;
				SWIFT_VERSION = 5.0;
				TARGETED_DEVICE_FAMILY = "1,2";
			};
			name = Debug;
		};
		FA334A71299C2D2F00979B73 /* Release */ = {
			isa = XCBuildConfiguration;
			buildSettings = {
				ASSETCATALOG_COMPILER_APPICON_NAME = AppIcon;
				ASSETCATALOG_COMPILER_GLOBAL_ACCENT_COLOR_NAME = AccentColor;
				CODE_SIGN_STYLE = Automatic;
				CURRENT_PROJECT_VERSION = 1;
				DEVELOPMENT_ASSET_PATHS = "\"ARWeatherApp/Preview Content\"";
				DEVELOPMENT_TEAM = RU23V6FJ49;
				ENABLE_PREVIEWS = YES;
				GENERATE_INFOPLIST_FILE = YES;
				INFOPLIST_FILE = ARWeatherApp/Info.plist;
				INFOPLIST_KEY_NSCameraUsageDescription = "";
				INFOPLIST_KEY_UIApplicationSupportsIndirectInputEvents = YES;
				INFOPLIST_KEY_UILaunchScreen_Generation = YES;
				INFOPLIST_KEY_UISupportedInterfaceOrientations = UIInterfaceOrientationPortrait;
				INFOPLIST_KEY_UISupportedInterfaceOrientations_iPad = "UIInterfaceOrientationPortrait UIInterfaceOrientationPortraitUpsideDown UIInterfaceOrientationLandscapeLeft UIInterfaceOrientationLandscapeRight";
				INFOPLIST_KEY_UISupportedInterfaceOrientations_iPhone = "UIInterfaceOrientationPortrait UIInterfaceOrientationLandscapeLeft UIInterfaceOrientationLandscapeRight";
				LD_RUNPATH_SEARCH_PATHS = (
					"$(inherited)",
					"@executable_path/Frameworks",
				);
				MARKETING_VERSION = 1.0;
				PRODUCT_BUNDLE_IDENTIFIER = test.com.ARWeatherApp;
				PRODUCT_NAME = "$(TARGET_NAME)";
				SWIFT_EMIT_LOC_STRINGS = YES;
				SWIFT_VERSION = 5.0;
				TARGETED_DEVICE_FAMILY = "1,2";
			};
			name = Release;
		};
/* End XCBuildConfiguration section */

/* Begin XCConfigurationList section */
		FA334A5C299C2D2E00979B73 /* Build configuration list for PBXProject "ARWeatherApp" */ = {
			isa = XCConfigurationList;
			buildConfigurations = (
				FA334A6D299C2D2F00979B73 /* Debug */,
				FA334A6E299C2D2F00979B73 /* Release */,
			);
			defaultConfigurationIsVisible = 0;
			defaultConfigurationName = Release;
		};
		FA334A6F299C2D2F00979B73 /* Build configuration list for PBXNativeTarget "ARWeatherApp" */ = {
			isa = XCConfigurationList;
			buildConfigurations = (
				FA334A70299C2D2F00979B73 /* Debug */,
				FA334A71299C2D2F00979B73 /* Release */,
			);
			defaultConfigurationIsVisible = 0;
			defaultConfigurationName = Release;
		};
/* End XCConfigurationList section */
	};
	rootObject = FA334A59299C2D2E00979B73 /* Project object */;
}
